
Microsoft Visual Studio Solution File, Format Version 12.00
# Visual Studio Version 16
VisualStudioVersion = 16.0.30621.155
MinimumVisualStudioVersion = 10.0.40219.1
Project("{FAE04EC0-301F-11D3-BF4B-00C04F79EFBC}") = "WebApp", "WebApp.csproj", "{505C54A2-583F-47AC-9174-4F923BF4F6DA}"
EndProject
Global
	GlobalSection(SolutionConfigurationPlatforms) = preSolution
		Debug|Any CPU = Debug|Any CPU
		Release|Any CPU = Release|Any CPU
	EndGlobalSection
	GlobalSection(ProjectConfigurationPlatforms) = postSolution
		{505C54A2-583F-47AC-9174-4F923BF4F6DA}.Debug|Any CPU.ActiveCfg = Debug|Any CPU
		{505C54A2-583F-47AC-9174-4F923BF4F6DA}.Debug|Any CPU.Build.0 = Debug|Any CPU
		{505C54A2-583F-47AC-9174-4F923BF4F6DA}.Release|Any CPU.ActiveCfg = Release|Any CPU
		{505C54A2-583F-47AC-9174-4F923BF4F6DA}.Release|Any CPU.Build.0 = Release|Any CPU
	EndGlobalSection
	GlobalSection(SolutionProperties) = preSolution
		HideSolutionNode = FALSE
	EndGlobalSection
	GlobalSection(ExtensibilityGlobals) = postSolution
		SolutionGuid = {C0F8EF74-45BF-4FC4-8BBA-6E82D55C8397}
	EndGlobalSection
EndGlobal
